// !$*UTF8*$!
{
	archiveVersion = 1;
	classes = {
	};
	objectVersion = 51;
	objects = {

/* Begin PBXBuildFile section */
		3041770C256FEAF400089A2B /* AppDelegate.swift in Sources */ = {isa = PBXBuildFile; fileRef = 3041770B256FEAF400089A2B /* AppDelegate.swift */; };
		3041770E256FEAF400089A2B /* SceneDelegate.swift in Sources */ = {isa = PBXBuildFile; fileRef = 3041770D256FEAF400089A2B /* SceneDelegate.swift */; };
		30417710256FEAF400089A2B /* MainTabBarController.swift in Sources */ = {isa = PBXBuildFile; fileRef = 3041770F256FEAF400089A2B /* MainTabBarController.swift */; };
		30417716256FEAF400089A2B /* RSSNewsReader.xcdatamodeld in Sources */ = {isa = PBXBuildFile; fileRef = 30417714256FEAF400089A2B /* RSSNewsReader.xcdatamodeld */; };
		30417718256FEAF800089A2B /* Assets.xcassets in Resources */ = {isa = PBXBuildFile; fileRef = 30417717256FEAF800089A2B /* Assets.xcassets */; };
		3041771B256FEAF800089A2B /* LaunchScreen.storyboard in Resources */ = {isa = PBXBuildFile; fileRef = 30417719256FEAF800089A2B /* LaunchScreen.storyboard */; };
		304177322570085800089A2B /* FeedsListController.swift in Sources */ = {isa = PBXBuildFile; fileRef = 304177312570085800089A2B /* FeedsListController.swift */; };
		304177352570088100089A2B /* SavedFeedsController.swift in Sources */ = {isa = PBXBuildFile; fileRef = 304177342570088100089A2B /* SavedFeedsController.swift */; };
		30417766257029F500089A2B /* Feed.swift in Sources */ = {isa = PBXBuildFile; fileRef = 30417765257029F500089A2B /* Feed.swift */; };
		3041776F2570366800089A2B /* Service.swift in Sources */ = {isa = PBXBuildFile; fileRef = 3041776E2570366800089A2B /* Service.swift */; };
		304177782570521600089A2B /* FeedCell.swift in Sources */ = {isa = PBXBuildFile; fileRef = 304177772570521600089A2B /* FeedCell.swift */; };
		3041777D257069E800089A2B /* Extensions.swift in Sources */ = {isa = PBXBuildFile; fileRef = 3041777C257069E800089A2B /* Extensions.swift */; };
		A559E39255BEE25740D81906 /* Pods_RSSNewsReader.framework in Frameworks */ = {isa = PBXBuildFile; fileRef = 6E269161D972D2A39A1DD396 /* Pods_RSSNewsReader.framework */; };
/* End PBXBuildFile section */

/* Begin PBXFileReference section */
		30417708256FEAF400089A2B /* RSSNewsReader.app */ = {isa = PBXFileReference; explicitFileType = wrapper.application; includeInIndex = 0; path = RSSNewsReader.app; sourceTree = BUILT_PRODUCTS_DIR; };
		3041770B256FEAF400089A2B /* AppDelegate.swift */ = {isa = PBXFileReference; lastKnownFileType = sourcecode.swift; path = AppDelegate.swift; sourceTree = "<group>"; };
		3041770D256FEAF400089A2B /* SceneDelegate.swift */ = {isa = PBXFileReference; lastKnownFileType = sourcecode.swift; path = SceneDelegate.swift; sourceTree = "<group>"; };
		3041770F256FEAF400089A2B /* MainTabBarController.swift */ = {isa = PBXFileReference; lastKnownFileType = sourcecode.swift; path = MainTabBarController.swift; sourceTree = "<group>"; };
		30417715256FEAF400089A2B /* RSSNewsReader.xcdatamodel */ = {isa = PBXFileReference; lastKnownFileType = wrapper.xcdatamodel; path = RSSNewsReader.xcdatamodel; sourceTree = "<group>"; };
		30417717256FEAF800089A2B /* Assets.xcassets */ = {isa = PBXFileReference; lastKnownFileType = folder.assetcatalog; path = Assets.xcassets; sourceTree = "<group>"; };
		3041771A256FEAF800089A2B /* Base */ = {isa = PBXFileReference; lastKnownFileType = file.storyboard; name = Base; path = Base.lproj/LaunchScreen.storyboard; sourceTree = "<group>"; };
		3041771C256FEAF800089A2B /* Info.plist */ = {isa = PBXFileReference; lastKnownFileType = text.plist.xml; path = Info.plist; sourceTree = "<group>"; };
		304177312570085800089A2B /* FeedsListController.swift */ = {isa = PBXFileReference; lastKnownFileType = sourcecode.swift; path = FeedsListController.swift; sourceTree = "<group>"; };
		304177342570088100089A2B /* SavedFeedsController.swift */ = {isa = PBXFileReference; lastKnownFileType = sourcecode.swift; path = SavedFeedsController.swift; sourceTree = "<group>"; };
		30417765257029F500089A2B /* Feed.swift */ = {isa = PBXFileReference; lastKnownFileType = sourcecode.swift; path = Feed.swift; sourceTree = "<group>"; };
		3041776E2570366800089A2B /* Service.swift */ = {isa = PBXFileReference; lastKnownFileType = sourcecode.swift; path = Service.swift; sourceTree = "<group>"; };
		304177772570521600089A2B /* FeedCell.swift */ = {isa = PBXFileReference; lastKnownFileType = sourcecode.swift; path = FeedCell.swift; sourceTree = "<group>"; };
		3041777C257069E800089A2B /* Extensions.swift */ = {isa = PBXFileReference; lastKnownFileType = sourcecode.swift; path = Extensions.swift; sourceTree = "<group>"; };
		6E269161D972D2A39A1DD396 /* Pods_RSSNewsReader.framework */ = {isa = PBXFileReference; explicitFileType = wrapper.framework; includeInIndex = 0; path = Pods_RSSNewsReader.framework; sourceTree = BUILT_PRODUCTS_DIR; };
		B247FE53C7379FA74F4C944C /* Pods-RSSNewsReader.debug.xcconfig */ = {isa = PBXFileReference; includeInIndex = 1; lastKnownFileType = text.xcconfig; name = "Pods-RSSNewsReader.debug.xcconfig"; path = "Target Support Files/Pods-RSSNewsReader/Pods-RSSNewsReader.debug.xcconfig"; sourceTree = "<group>"; };
		F4D9B2A6AFC4AD0942ECD3FC /* Pods-RSSNewsReader.release.xcconfig */ = {isa = PBXFileReference; includeInIndex = 1; lastKnownFileType = text.xcconfig; name = "Pods-RSSNewsReader.release.xcconfig"; path = "Target Support Files/Pods-RSSNewsReader/Pods-RSSNewsReader.release.xcconfig"; sourceTree = "<group>"; };
/* End PBXFileReference section */

/* Begin PBXFrameworksBuildPhase section */
		30417705256FEAF400089A2B /* Frameworks */ = {
			isa = PBXFrameworksBuildPhase;
			buildActionMask = 2147483647;
			files = (
				A559E39255BEE25740D81906 /* Pods_RSSNewsReader.framework in Frameworks */,
			);
			runOnlyForDeploymentPostprocessing = 0;
		};
/* End PBXFrameworksBuildPhase section */

/* Begin PBXGroup section */
		09150ACF28A3EF90A732198B /* Pods */ = {
			isa = PBXGroup;
			children = (
				B247FE53C7379FA74F4C944C /* Pods-RSSNewsReader.debug.xcconfig */,
				F4D9B2A6AFC4AD0942ECD3FC /* Pods-RSSNewsReader.release.xcconfig */,
			);
			path = Pods;
			sourceTree = "<group>";
		};
		304176FF256FEAF400089A2B = {
			isa = PBXGroup;
			children = (
				3041770A256FEAF400089A2B /* RSSNewsReader */,
				30417709256FEAF400089A2B /* Products */,
				09150ACF28A3EF90A732198B /* Pods */,
				F43C9E7D8E777E87EB0559E8 /* Frameworks */,
			);
			sourceTree = "<group>";
		};
		30417709256FEAF400089A2B /* Products */ = {
			isa = PBXGroup;
			children = (
				30417708256FEAF400089A2B /* RSSNewsReader.app */,
			);
			name = Products;
			sourceTree = "<group>";
		};
		3041770A256FEAF400089A2B /* RSSNewsReader */ = {
			isa = PBXGroup;
			children = (
				30417726256FFD8900089A2B /* Model */,
				30417727256FFD9900089A2B /* View */,
				30417728256FFDA100089A2B /* Controller */,
				30417729256FFDB400089A2B /* Service */,
				3041772A256FFDBC00089A2B /* Utils */,
				3041770B256FEAF400089A2B /* AppDelegate.swift */,
				3041770D256FEAF400089A2B /* SceneDelegate.swift */,
				30417717256FEAF800089A2B /* Assets.xcassets */,
				30417719256FEAF800089A2B /* LaunchScreen.storyboard */,
				3041771C256FEAF800089A2B /* Info.plist */,
			);
			path = RSSNewsReader;
			sourceTree = "<group>";
		};
		30417726256FFD8900089A2B /* Model */ = {
			isa = PBXGroup;
			children = (
				30417765257029F500089A2B /* Feed.swift */,
				30417714256FEAF400089A2B /* RSSNewsReader.xcdatamodeld */,
			);
			path = Model;
			sourceTree = "<group>";
		};
		30417727256FFD9900089A2B /* View */ = {
			isa = PBXGroup;
			children = (
				304177772570521600089A2B /* FeedCell.swift */,
			);
			path = View;
			sourceTree = "<group>";
		};
		30417728256FFDA100089A2B /* Controller */ = {
			isa = PBXGroup;
			children = (
				3041770F256FEAF400089A2B /* MainTabBarController.swift */,
				304177312570085800089A2B /* FeedsListController.swift */,
				304177342570088100089A2B /* SavedFeedsController.swift */,
			);
			path = Controller;
			sourceTree = "<group>";
		};
		30417729256FFDB400089A2B /* Service */ = {
			isa = PBXGroup;
			children = (
				3041776E2570366800089A2B /* Service.swift */,
			);
			path = Service;
			sourceTree = "<group>";
		};
		3041772A256FFDBC00089A2B /* Utils */ = {
			isa = PBXGroup;
			children = (
				3041777C257069E800089A2B /* Extensions.swift */,
			);
			path = Utils;
			sourceTree = "<group>";
		};
		F43C9E7D8E777E87EB0559E8 /* Frameworks */ = {
			isa = PBXGroup;
			children = (
				6E269161D972D2A39A1DD396 /* Pods_RSSNewsReader.framework */,
			);
			name = Frameworks;
			sourceTree = "<group>";
		};
/* End PBXGroup section */

/* Begin PBXNativeTarget section */
		30417707256FEAF400089A2B /* RSSNewsReader */ = {
			isa = PBXNativeTarget;
			buildConfigurationList = 3041771F256FEAF800089A2B /* Build configuration list for PBXNativeTarget "RSSNewsReader" */;
			buildPhases = (
				0294C1468A0F38DC48F446DA /* [CP] Check Pods Manifest.lock */,
				30417704256FEAF400089A2B /* Sources */,
				30417705256FEAF400089A2B /* Frameworks */,
				30417706256FEAF400089A2B /* Resources */,
				906B9219C9983B67C60E6365 /* [CP] Embed Pods Frameworks */,
			);
			buildRules = (
			);
			dependencies = (
			);
			name = RSSNewsReader;
			productName = RSSNewsReader;
			productReference = 30417708256FEAF400089A2B /* RSSNewsReader.app */;
			productType = "com.apple.product-type.application";
		};
/* End PBXNativeTarget section */

/* Begin PBXProject section */
		30417700256FEAF400089A2B /* Project object */ = {
			isa = PBXProject;
			attributes = {
				LastSwiftUpdateCheck = 1220;
				LastUpgradeCheck = 1220;
				TargetAttributes = {
					30417707256FEAF400089A2B = {
						CreatedOnToolsVersion = 12.2;
					};
				};
			};
			buildConfigurationList = 30417703256FEAF400089A2B /* Build configuration list for PBXProject "RSSNewsReader" */;
			compatibilityVersion = "Xcode 9.3";
			developmentRegion = en;
			hasScannedForEncodings = 0;
			knownRegions = (
				en,
				Base,
			);
			mainGroup = 304176FF256FEAF400089A2B;
			productRefGroup = 30417709256FEAF400089A2B /* Products */;
			projectDirPath = "";
			projectRoot = "";
			targets = (
				30417707256FEAF400089A2B /* RSSNewsReader */,
			);
		};
/* End PBXProject section */

/* Begin PBXResourcesBuildPhase section */
		30417706256FEAF400089A2B /* Resources */ = {
			isa = PBXResourcesBuildPhase;
			buildActionMask = 2147483647;
			files = (
				3041771B256FEAF800089A2B /* LaunchScreen.storyboard in Resources */,
				30417718256FEAF800089A2B /* Assets.xcassets in Resources */,
			);
			runOnlyForDeploymentPostprocessing = 0;
		};
/* End PBXResourcesBuildPhase section */

/* Begin PBXShellScriptBuildPhase section */
		0294C1468A0F38DC48F446DA /* [CP] Check Pods Manifest.lock */ = {
			isa = PBXShellScriptBuildPhase;
			buildActionMask = 2147483647;
			files = (
			);
			inputFileListPaths = (
			);
			inputPaths = (
				"${PODS_PODFILE_DIR_PATH}/Podfile.lock",
				"${PODS_ROOT}/Manifest.lock",
			);
			name = "[CP] Check Pods Manifest.lock";
			outputFileListPaths = (
			);
			outputPaths = (
				"$(DERIVED_FILE_DIR)/Pods-RSSNewsReader-checkManifestLockResult.txt",
			);
			runOnlyForDeploymentPostprocessing = 0;
			shellPath = /bin/sh;
			shellScript = "diff \"${PODS_PODFILE_DIR_PATH}/Podfile.lock\" \"${PODS_ROOT}/Manifest.lock\" > /dev/null\nif [ $? != 0 ] ; then\n    # print error to STDERR\n    echo \"error: The sandbox is not in sync with the Podfile.lock. Run 'pod install' or update your CocoaPods installation.\" >&2\n    exit 1\nfi\n# This output is used by Xcode 'outputs' to avoid re-running this script phase.\necho \"SUCCESS\" > \"${SCRIPT_OUTPUT_FILE_0}\"\n";
			showEnvVarsInLog = 0;
		};
		906B9219C9983B67C60E6365 /* [CP] Embed Pods Frameworks */ = {
			isa = PBXShellScriptBuildPhase;
			buildActionMask = 2147483647;
			files = (
			);
			inputFileListPaths = (
				"${PODS_ROOT}/Target Support Files/Pods-RSSNewsReader/Pods-RSSNewsReader-frameworks-${CONFIGURATION}-input-files.xcfilelist",
			);
			name = "[CP] Embed Pods Frameworks";
			outputFileListPaths = (
				"${PODS_ROOT}/Target Support Files/Pods-RSSNewsReader/Pods-RSSNewsReader-frameworks-${CONFIGURATION}-output-files.xcfilelist",
			);
			runOnlyForDeploymentPostprocessing = 0;
			shellPath = /bin/sh;
			shellScript = "\"${PODS_ROOT}/Target Support Files/Pods-RSSNewsReader/Pods-RSSNewsReader-frameworks.sh\"\n";
			showEnvVarsInLog = 0;
		};
/* End PBXShellScriptBuildPhase section */

/* Begin PBXSourcesBuildPhase section */
		30417704256FEAF400089A2B /* Sources */ = {
			isa = PBXSourcesBuildPhase;
			buildActionMask = 2147483647;
			files = (
				304177352570088100089A2B /* SavedFeedsController.swift in Sources */,
				3041776F2570366800089A2B /* Service.swift in Sources */,
				30417710256FEAF400089A2B /* MainTabBarController.swift in Sources */,
				3041770C256FEAF400089A2B /* AppDelegate.swift in Sources */,
				30417766257029F500089A2B /* Feed.swift in Sources */,
				3041777D257069E800089A2B /* Extensions.swift in Sources */,
				30417716256FEAF400089A2B /* RSSNewsReader.xcdatamodeld in Sources */,
				3041770E256FEAF400089A2B /* SceneDelegate.swift in Sources */,
				304177322570085800089A2B /* FeedsListController.swift in Sources */,
				304177782570521600089A2B /* FeedCell.swift in Sources */,
			);
			runOnlyForDeploymentPostprocessing = 0;
		};
/* End PBXSourcesBuildPhase section */

/* Begin PBXVariantGroup section */
		30417719256FEAF800089A2B /* LaunchScreen.storyboard */ = {
			isa = PBXVariantGroup;
			children = (
				3041771A256FEAF800089A2B /* Base */,
			);
			name = LaunchScreen.storyboard;
			sourceTree = "<group>";
		};
/* End PBXVariantGroup section */

/* Begin XCBuildConfiguration section */
		3041771D256FEAF800089A2B /* Debug */ = {
			isa = XCBuildConfiguration;
			buildSettings = {
				ALWAYS_SEARCH_USER_PATHS = NO;
				CLANG_ANALYZER_NONNULL = YES;
				CLANG_ANALYZER_NUMBER_OBJECT_CONVERSION = YES_AGGRESSIVE;
				CLANG_CXX_LANGUAGE_STANDARD = "gnu++14";
				CLANG_CXX_LIBRARY = "libc++";
				CLANG_ENABLE_MODULES = YES;
				CLANG_ENABLE_OBJC_ARC = YES;
				CLANG_ENABLE_OBJC_WEAK = YES;
				CLANG_WARN_BLOCK_CAPTURE_AUTORELEASING = YES;
				CLANG_WARN_BOOL_CONVERSION = YES;
				CLANG_WARN_COMMA = YES;
				CLANG_WARN_CONSTANT_CONVERSION = YES;
				CLANG_WARN_DEPRECATED_OBJC_IMPLEMENTATIONS = YES;
				CLANG_WARN_DIRECT_OBJC_ISA_USAGE = YES_ERROR;
				CLANG_WARN_DOCUMENTATION_COMMENTS = YES;
				CLANG_WARN_EMPTY_BODY = YES;
				CLANG_WARN_ENUM_CONVERSION = YES;
				CLANG_WARN_INFINITE_RECURSION = YES;
				CLANG_WARN_INT_CONVERSION = YES;
				CLANG_WARN_NON_LITERAL_NULL_CONVERSION = YES;
				CLANG_WARN_OBJC_IMPLICIT_RETAIN_SELF = YES;
				CLANG_WARN_OBJC_LITERAL_CONVERSION = YES;
				CLANG_WARN_OBJC_ROOT_CLASS = YES_ERROR;
				CLANG_WARN_QUOTED_INCLUDE_IN_FRAMEWORK_HEADER = YES;
				CLANG_WARN_RANGE_LOOP_ANALYSIS = YES;
				CLANG_WARN_STRICT_PROTOTYPES = YES;
				CLANG_WARN_SUSPICIOUS_MOVE = YES;
				CLANG_WARN_UNGUARDED_AVAILABILITY = YES_AGGRESSIVE;
				CLANG_WARN_UNREACHABLE_CODE = YES;
				CLANG_WARN__DUPLICATE_METHOD_MATCH = YES;
				COPY_PHASE_STRIP = NO;
				DEBUG_INFORMATION_FORMAT = dwarf;
				ENABLE_STRICT_OBJC_MSGSEND = YES;
				ENABLE_TESTABILITY = YES;
				GCC_C_LANGUAGE_STANDARD = gnu11;
				GCC_DYNAMIC_NO_PIC = NO;
				GCC_NO_COMMON_BLOCKS = YES;
				GCC_OPTIMIZATION_LEVEL = 0;
				GCC_PREPROCESSOR_DEFINITIONS = (
					"DEBUG=1",
					"$(inherited)",
				);
				GCC_WARN_64_TO_32_BIT_CONVERSION = YES;
				GCC_WARN_ABOUT_RETURN_TYPE = YES_ERROR;
				GCC_WARN_UNDECLARED_SELECTOR = YES;
				GCC_WARN_UNINITIALIZED_AUTOS = YES_AGGRESSIVE;
				GCC_WARN_UNUSED_FUNCTION = YES;
				GCC_WARN_UNUSED_VARIABLE = YES;
				IPHONEOS_DEPLOYMENT_TARGET = 14.2;
				MTL_ENABLE_DEBUG_INFO = INCLUDE_SOURCE;
				MTL_FAST_MATH = YES;
				ONLY_ACTIVE_ARCH = YES;
				SDKROOT = iphoneos;
				SWIFT_ACTIVE_COMPILATION_CONDITIONS = DEBUG;
				SWIFT_OPTIMIZATION_LEVEL = "-Onone";
			};
			name = Debug;
		};
		3041771E256FEAF800089A2B /* Release */ = {
			isa = XCBuildConfiguration;
			buildSettings = {
				ALWAYS_SEARCH_USER_PATHS = NO;
				CLANG_ANALYZER_NONNULL = YES;
				CLANG_ANALYZER_NUMBER_OBJECT_CONVERSION = YES_AGGRESSIVE;
				CLANG_CXX_LANGUAGE_STANDARD = "gnu++14";
				CLANG_CXX_LIBRARY = "libc++";
				CLANG_ENABLE_MODULES = YES;
				CLANG_ENABLE_OBJC_ARC = YES;
				CLANG_ENABLE_OBJC_WEAK = YES;
				CLANG_WARN_BLOCK_CAPTURE_AUTORELEASING = YES;
				CLANG_WARN_BOOL_CONVERSION = YES;
				CLANG_WARN_COMMA = YES;
				CLANG_WARN_CONSTANT_CONVERSION = YES;
				CLANG_WARN_DEPRECATED_OBJC_IMPLEMENTATIONS = YES;
				CLANG_WARN_DIRECT_OBJC_ISA_USAGE = YES_ERROR;
				CLANG_WARN_DOCUMENTATION_COMMENTS = YES;
				CLANG_WARN_EMPTY_BODY = YES;
				CLANG_WARN_ENUM_CONVERSION = YES;
				CLANG_WARN_INFINITE_RECURSION = YES;
				CLANG_WARN_INT_CONVERSION = YES;
				CLANG_WARN_NON_LITERAL_NULL_CONVERSION = YES;
				CLANG_WARN_OBJC_IMPLICIT_RETAIN_SELF = YES;
				CLANG_WARN_OBJC_LITERAL_CONVERSION = YES;
				CLANG_WARN_OBJC_ROOT_CLASS = YES_ERROR;
				CLANG_WARN_QUOTED_INCLUDE_IN_FRAMEWORK_HEADER = YES;
				CLANG_WARN_RANGE_LOOP_ANALYSIS = YES;
				CLANG_WARN_STRICT_PROTOTYPES = YES;
				CLANG_WARN_SUSPICIOUS_MOVE = YES;
				CLANG_WARN_UNGUARDED_AVAILABILITY = YES_AGGRESSIVE;
				CLANG_WARN_UNREACHABLE_CODE = YES;
				CLANG_WARN__DUPLICATE_METHOD_MATCH = YES;
				COPY_PHASE_STRIP = NO;
				DEBUG_INFORMATION_FORMAT = "dwarf-with-dsym";
				ENABLE_NS_ASSERTIONS = NO;
				ENABLE_STRICT_OBJC_MSGSEND = YES;
				GCC_C_LANGUAGE_STANDARD = gnu11;
				GCC_NO_COMMON_BLOCKS = YES;
				GCC_WARN_64_TO_32_BIT_CONVERSION = YES;
				GCC_WARN_ABOUT_RETURN_TYPE = YES_ERROR;
				GCC_WARN_UNDECLARED_SELECTOR = YES;
				GCC_WARN_UNINITIALIZED_AUTOS = YES_AGGRESSIVE;
				GCC_WARN_UNUSED_FUNCTION = YES;
				GCC_WARN_UNUSED_VARIABLE = YES;
				IPHONEOS_DEPLOYMENT_TARGET = 14.2;
				MTL_ENABLE_DEBUG_INFO = NO;
				MTL_FAST_MATH = YES;
				SDKROOT = iphoneos;
				SWIFT_COMPILATION_MODE = wholemodule;
				SWIFT_OPTIMIZATION_LEVEL = "-O";
				VALIDATE_PRODUCT = YES;
			};
			name = Release;
		};
		30417720256FEAF800089A2B /* Debug */ = {
			isa = XCBuildConfiguration;
			baseConfigurationReference = B247FE53C7379FA74F4C944C /* Pods-RSSNewsReader.debug.xcconfig */;
			buildSettings = {
				ASSETCATALOG_COMPILER_APPICON_NAME = AppIcon;
				ASSETCATALOG_COMPILER_GLOBAL_ACCENT_COLOR_NAME = AccentColor;
				CODE_SIGN_STYLE = Automatic;
				DEVELOPMENT_TEAM = R29M9PZPMH;
				INFOPLIST_FILE = RSSNewsReader/Info.plist;
				LD_RUNPATH_SEARCH_PATHS = (
					"$(inherited)",
					"@executable_path/Frameworks",
				);
				PRODUCT_BUNDLE_IDENTIFIER = com.diana.RSSNewsReader;
				PRODUCT_NAME = "$(TARGET_NAME)";
				SWIFT_VERSION = 5.0;
				TARGETED_DEVICE_FAMILY = "1,2";
			};
			name = Debug;
		};
		30417721256FEAF800089A2B /* Release */ = {
			isa = XCBuildConfiguration;
			baseConfigurationReference = F4D9B2A6AFC4AD0942ECD3FC /* Pods-RSSNewsReader.release.xcconfig */;
			buildSettings = {
				ASSETCATALOG_COMPILER_APPICON_NAME = AppIcon;
				ASSETCATALOG_COMPILER_GLOBAL_ACCENT_COLOR_NAME = AccentColor;
				CODE_SIGN_STYLE = Automatic;
				DEVELOPMENT_TEAM = R29M9PZPMH;
				INFOPLIST_FILE = RSSNewsReader/Info.plist;
				LD_RUNPATH_SEARCH_PATHS = (
					"$(inherited)",
					"@executable_path/Frameworks",
				);
				PRODUCT_BUNDLE_IDENTIFIER = com.diana.RSSNewsReader;
				PRODUCT_NAME = "$(TARGET_NAME)";
				SWIFT_VERSION = 5.0;
				TARGETED_DEVICE_FAMILY = "1,2";
			};
			name = Release;
		};
/* End XCBuildConfiguration section */

/* Begin XCConfigurationList section */
		30417703256FEAF400089A2B /* Build configuration list for PBXProject "RSSNewsReader" */ = {
			isa = XCConfigurationList;
			buildConfigurations = (
				3041771D256FEAF800089A2B /* Debug */,
				3041771E256FEAF800089A2B /* Release */,
			);
			defaultConfigurationIsVisible = 0;
			defaultConfigurationName = Release;
		};
		3041771F256FEAF800089A2B /* Build configuration list for PBXNativeTarget "RSSNewsReader" */ = {
			isa = XCConfigurationList;
			buildConfigurations = (
				30417720256FEAF800089A2B /* Debug */,
				30417721256FEAF800089A2B /* Release */,
			);
			defaultConfigurationIsVisible = 0;
			defaultConfigurationName = Release;
		};
/* End XCConfigurationList section */

/* Begin XCVersionGroup section */
		30417714256FEAF400089A2B /* RSSNewsReader.xcdatamodeld */ = {
			isa = XCVersionGroup;
			children = (
				30417715256FEAF400089A2B /* RSSNewsReader.xcdatamodel */,
			);
			currentVersion = 30417715256FEAF400089A2B /* RSSNewsReader.xcdatamodel */;
			path = RSSNewsReader.xcdatamodeld;
			sourceTree = "<group>";
			versionGroupType = wrapper.xcdatamodel;
		};
/* End XCVersionGroup section */
	};
	rootObject = 30417700256FEAF400089A2B /* Project object */;
}
